// !$*UTF8*$!
{
	archiveVersion = 1;
	classes = {
	};
	objectVersion = 56;
	objects = {

/* Begin PBXBuildFile section */
		24356AA02C2938C3000D2DF1 /* AppDelegate.swift in Sources */ = {isa = PBXBuildFile; fileRef = 24356A9F2C2938C3000D2DF1 /* AppDelegate.swift */; };
		24356AA22C2938C3000D2DF1 /* SceneDelegate.swift in Sources */ = {isa = PBXBuildFile; fileRef = 24356AA12C2938C3000D2DF1 /* SceneDelegate.swift */; };
		24356AA42C2938C3000D2DF1 /* TrendViewController.swift in Sources */ = {isa = PBXBuildFile; fileRef = 24356AA32C2938C3000D2DF1 /* TrendViewController.swift */; };
		24356AA92C2938C4000D2DF1 /* Assets.xcassets in Resources */ = {isa = PBXBuildFile; fileRef = 24356AA82C2938C4000D2DF1 /* Assets.xcassets */; };
		24356AAC2C2938C4000D2DF1 /* Base in Resources */ = {isa = PBXBuildFile; fileRef = 24356AAB2C2938C4000D2DF1 /* Base */; };
		24356AB42C2938D5000D2DF1 /* .gitignore in Resources */ = {isa = PBXBuildFile; fileRef = 24356AB32C2938D5000D2DF1 /* .gitignore */; };
		24356AB82C29391A000D2DF1 /* APIKey.swift in Sources */ = {isa = PBXBuildFile; fileRef = 24356AB72C29391A000D2DF1 /* APIKey.swift */; };
		24356ABB2C293B2F000D2DF1 /* SnapKit in Frameworks */ = {isa = PBXBuildFile; productRef = 24356ABA2C293B2F000D2DF1 /* SnapKit */; };
		24356ABE2C293B3D000D2DF1 /* Alamofire in Frameworks */ = {isa = PBXBuildFile; productRef = 24356ABD2C293B3D000D2DF1 /* Alamofire */; };
		24356AC12C293B53000D2DF1 /* Kingfisher in Frameworks */ = {isa = PBXBuildFile; productRef = 24356AC02C293B53000D2DF1 /* Kingfisher */; };
		24356AC32C2941F6000D2DF1 /* TrendTableViewCell.swift in Sources */ = {isa = PBXBuildFile; fileRef = 24356AC22C2941F5000D2DF1 /* TrendTableViewCell.swift */; };
		24356AC52C294DCF000D2DF1 /* NetworkManager.swift in Sources */ = {isa = PBXBuildFile; fileRef = 24356AC42C294DCF000D2DF1 /* NetworkManager.swift */; };
		24356AC72C294E58000D2DF1 /* Movie.swift in Sources */ = {isa = PBXBuildFile; fileRef = 24356AC62C294E58000D2DF1 /* Movie.swift */; };
/* End PBXBuildFile section */

/* Begin PBXFileReference section */
		24356A9C2C2938C3000D2DF1 /* Media.app */ = {isa = PBXFileReference; explicitFileType = wrapper.application; includeInIndex = 0; path = Media.app; sourceTree = BUILT_PRODUCTS_DIR; };
		24356A9F2C2938C3000D2DF1 /* AppDelegate.swift */ = {isa = PBXFileReference; lastKnownFileType = sourcecode.swift; path = AppDelegate.swift; sourceTree = "<group>"; };
		24356AA12C2938C3000D2DF1 /* SceneDelegate.swift */ = {isa = PBXFileReference; lastKnownFileType = sourcecode.swift; path = SceneDelegate.swift; sourceTree = "<group>"; };
		24356AA32C2938C3000D2DF1 /* TrendViewController.swift */ = {isa = PBXFileReference; lastKnownFileType = sourcecode.swift; path = TrendViewController.swift; sourceTree = "<group>"; };
		24356AA82C2938C4000D2DF1 /* Assets.xcassets */ = {isa = PBXFileReference; lastKnownFileType = folder.assetcatalog; path = Assets.xcassets; sourceTree = "<group>"; };
		24356AAB2C2938C4000D2DF1 /* Base */ = {isa = PBXFileReference; lastKnownFileType = file.storyboard; name = Base; path = Base.lproj/LaunchScreen.storyboard; sourceTree = "<group>"; };
		24356AAD2C2938C4000D2DF1 /* Info.plist */ = {isa = PBXFileReference; lastKnownFileType = text.plist.xml; path = Info.plist; sourceTree = "<group>"; };
		24356AB32C2938D5000D2DF1 /* .gitignore */ = {isa = PBXFileReference; lastKnownFileType = text; path = .gitignore; sourceTree = "<group>"; };
		24356AB72C29391A000D2DF1 /* APIKey.swift */ = {isa = PBXFileReference; lastKnownFileType = sourcecode.swift; path = APIKey.swift; sourceTree = "<group>"; };
		24356AC22C2941F5000D2DF1 /* TrendTableViewCell.swift */ = {isa = PBXFileReference; lastKnownFileType = sourcecode.swift; path = TrendTableViewCell.swift; sourceTree = "<group>"; };
		24356AC42C294DCF000D2DF1 /* NetworkManager.swift */ = {isa = PBXFileReference; lastKnownFileType = sourcecode.swift; path = NetworkManager.swift; sourceTree = "<group>"; };
		24356AC62C294E58000D2DF1 /* Movie.swift */ = {isa = PBXFileReference; lastKnownFileType = sourcecode.swift; path = Movie.swift; sourceTree = "<group>"; };
/* End PBXFileReference section */

/* Begin PBXFrameworksBuildPhase section */
		24356A992C2938C3000D2DF1 /* Frameworks */ = {
			isa = PBXFrameworksBuildPhase;
			buildActionMask = 2147483647;
			files = (
				24356AC12C293B53000D2DF1 /* Kingfisher in Frameworks */,
				24356ABB2C293B2F000D2DF1 /* SnapKit in Frameworks */,
				24356ABE2C293B3D000D2DF1 /* Alamofire in Frameworks */,
			);
			runOnlyForDeploymentPostprocessing = 0;
		};
/* End PBXFrameworksBuildPhase section */

/* Begin PBXGroup section */
		24356A932C2938C3000D2DF1 = {
			isa = PBXGroup;
			children = (
				24356AB32C2938D5000D2DF1 /* .gitignore */,
				24356A9E2C2938C3000D2DF1 /* Media */,
				24356A9D2C2938C3000D2DF1 /* Products */,
			);
			sourceTree = "<group>";
		};
		24356A9D2C2938C3000D2DF1 /* Products */ = {
			isa = PBXGroup;
			children = (
				24356A9C2C2938C3000D2DF1 /* Media.app */,
			);
			name = Products;
			sourceTree = "<group>";
		};
		24356A9E2C2938C3000D2DF1 /* Media */ = {
			isa = PBXGroup;
			children = (
				24356A9F2C2938C3000D2DF1 /* AppDelegate.swift */,
				24356AA12C2938C3000D2DF1 /* SceneDelegate.swift */,
				24356AB72C29391A000D2DF1 /* APIKey.swift */,
				24356AC62C294E58000D2DF1 /* Movie.swift */,
				24356AC42C294DCF000D2DF1 /* NetworkManager.swift */,
				24356AA32C2938C3000D2DF1 /* TrendViewController.swift */,
				24356AC22C2941F5000D2DF1 /* TrendTableViewCell.swift */,
				24356AA82C2938C4000D2DF1 /* Assets.xcassets */,
				24356AAA2C2938C4000D2DF1 /* LaunchScreen.storyboard */,
				24356AAD2C2938C4000D2DF1 /* Info.plist */,
			);
			path = Media;
			sourceTree = "<group>";
		};
/* End PBXGroup section */

/* Begin PBXNativeTarget section */
		24356A9B2C2938C3000D2DF1 /* Media */ = {
			isa = PBXNativeTarget;
			buildConfigurationList = 24356AB02C2938C4000D2DF1 /* Build configuration list for PBXNativeTarget "Media" */;
			buildPhases = (
				24356A982C2938C3000D2DF1 /* Sources */,
				24356A992C2938C3000D2DF1 /* Frameworks */,
				24356A9A2C2938C3000D2DF1 /* Resources */,
			);
			buildRules = (
			);
			dependencies = (
			);
			name = Media;
			packageProductDependencies = (
				24356ABA2C293B2F000D2DF1 /* SnapKit */,
				24356ABD2C293B3D000D2DF1 /* Alamofire */,
				24356AC02C293B53000D2DF1 /* Kingfisher */,
			);
			productName = Media;
			productReference = 24356A9C2C2938C3000D2DF1 /* Media.app */;
			productType = "com.apple.product-type.application";
		};
/* End PBXNativeTarget section */

/* Begin PBXProject section */
		24356A942C2938C3000D2DF1 /* Project object */ = {
			isa = PBXProject;
			attributes = {
				BuildIndependentTargetsInParallel = 1;
				LastSwiftUpdateCheck = 1540;
				LastUpgradeCheck = 1540;
				TargetAttributes = {
					24356A9B2C2938C3000D2DF1 = {
						CreatedOnToolsVersion = 15.4;
					};
				};
			};
			buildConfigurationList = 24356A972C2938C3000D2DF1 /* Build configuration list for PBXProject "Media" */;
			compatibilityVersion = "Xcode 14.0";
			developmentRegion = en;
			hasScannedForEncodings = 0;
			knownRegions = (
				en,
				Base,
			);
			mainGroup = 24356A932C2938C3000D2DF1;
			packageReferences = (
				24356AB92C293B2F000D2DF1 /* XCRemoteSwiftPackageReference "SnapKit" */,
				24356ABC2C293B3D000D2DF1 /* XCRemoteSwiftPackageReference "Alamofire" */,
				24356ABF2C293B53000D2DF1 /* XCRemoteSwiftPackageReference "Kingfisher" */,
			);
			productRefGroup = 24356A9D2C2938C3000D2DF1 /* Products */;
			projectDirPath = "";
			projectRoot = "";
			targets = (
				24356A9B2C2938C3000D2DF1 /* Media */,
			);
		};
/* End PBXProject section */

/* Begin PBXResourcesBuildPhase section */
		24356A9A2C2938C3000D2DF1 /* Resources */ = {
			isa = PBXResourcesBuildPhase;
			buildActionMask = 2147483647;
			files = (
				24356AB42C2938D5000D2DF1 /* .gitignore in Resources */,
				24356AA92C2938C4000D2DF1 /* Assets.xcassets in Resources */,
				24356AAC2C2938C4000D2DF1 /* Base in Resources */,
			);
			runOnlyForDeploymentPostprocessing = 0;
		};
/* End PBXResourcesBuildPhase section */

/* Begin PBXSourcesBuildPhase section */
		24356A982C2938C3000D2DF1 /* Sources */ = {
			isa = PBXSourcesBuildPhase;
			buildActionMask = 2147483647;
			files = (
				24356AC72C294E58000D2DF1 /* Movie.swift in Sources */,
				24356AC52C294DCF000D2DF1 /* NetworkManager.swift in Sources */,
				24356AA42C2938C3000D2DF1 /* TrendViewController.swift in Sources */,
				24356AC32C2941F6000D2DF1 /* TrendTableViewCell.swift in Sources */,
				24356AA02C2938C3000D2DF1 /* AppDelegate.swift in Sources */,
				24356AB82C29391A000D2DF1 /* APIKey.swift in Sources */,
				24356AA22C2938C3000D2DF1 /* SceneDelegate.swift in Sources */,
			);
			runOnlyForDeploymentPostprocessing = 0;
		};
/* End PBXSourcesBuildPhase section */

/* Begin PBXVariantGroup section */
		24356AAA2C2938C4000D2DF1 /* LaunchScreen.storyboard */ = {
			isa = PBXVariantGroup;
			children = (
				24356AAB2C2938C4000D2DF1 /* Base */,
			);
			name = LaunchScreen.storyboard;
			sourceTree = "<group>";
		};
/* End PBXVariantGroup section */

/* Begin XCBuildConfiguration section */
		24356AAE2C2938C4000D2DF1 /* Debug */ = {
			isa = XCBuildConfiguration;
			buildSettings = {
				ALWAYS_SEARCH_USER_PATHS = NO;
				ASSETCATALOG_COMPILER_GENERATE_SWIFT_ASSET_SYMBOL_EXTENSIONS = YES;
				CLANG_ANALYZER_NONNULL = YES;
				CLANG_ANALYZER_NUMBER_OBJECT_CONVERSION = YES_AGGRESSIVE;
				CLANG_CXX_LANGUAGE_STANDARD = "gnu++20";
				CLANG_ENABLE_MODULES = YES;
				CLANG_ENABLE_OBJC_ARC = YES;
				CLANG_ENABLE_OBJC_WEAK = YES;
				CLANG_WARN_BLOCK_CAPTURE_AUTORELEASING = YES;
				CLANG_WARN_BOOL_CONVERSION = YES;
				CLANG_WARN_COMMA = YES;
				CLANG_WARN_CONSTANT_CONVERSION = YES;
				CLANG_WARN_DEPRECATED_OBJC_IMPLEMENTATIONS = YES;
				CLANG_WARN_DIRECT_OBJC_ISA_USAGE = YES_ERROR;
				CLANG_WARN_DOCUMENTATION_COMMENTS = YES;
				CLANG_WARN_EMPTY_BODY = YES;
				CLANG_WARN_ENUM_CONVERSION = YES;
				CLANG_WARN_INFINITE_RECURSION = YES;
				CLANG_WARN_INT_CONVERSION = YES;
				CLANG_WARN_NON_LITERAL_NULL_CONVERSION = YES;
				CLANG_WARN_OBJC_IMPLICIT_RETAIN_SELF = YES;
				CLANG_WARN_OBJC_LITERAL_CONVERSION = YES;
				CLANG_WARN_OBJC_ROOT_CLASS = YES_ERROR;
				CLANG_WARN_QUOTED_INCLUDE_IN_FRAMEWORK_HEADER = YES;
				CLANG_WARN_RANGE_LOOP_ANALYSIS = YES;
				CLANG_WARN_STRICT_PROTOTYPES = YES;
				CLANG_WARN_SUSPICIOUS_MOVE = YES;
				CLANG_WARN_UNGUARDED_AVAILABILITY = YES_AGGRESSIVE;
				CLANG_WARN_UNREACHABLE_CODE = YES;
				CLANG_WARN__DUPLICATE_METHOD_MATCH = YES;
				COPY_PHASE_STRIP = NO;
				DEBUG_INFORMATION_FORMAT = dwarf;
				ENABLE_STRICT_OBJC_MSGSEND = YES;
				ENABLE_TESTABILITY = YES;
				ENABLE_USER_SCRIPT_SANDBOXING = YES;
				GCC_C_LANGUAGE_STANDARD = gnu17;
				GCC_DYNAMIC_NO_PIC = NO;
				GCC_NO_COMMON_BLOCKS = YES;
				GCC_OPTIMIZATION_LEVEL = 0;
				GCC_PREPROCESSOR_DEFINITIONS = (
					"DEBUG=1",
					"$(inherited)",
				);
				GCC_WARN_64_TO_32_BIT_CONVERSION = YES;
				GCC_WARN_ABOUT_RETURN_TYPE = YES_ERROR;
				GCC_WARN_UNDECLARED_SELECTOR = YES;
				GCC_WARN_UNINITIALIZED_AUTOS = YES_AGGRESSIVE;
				GCC_WARN_UNUSED_FUNCTION = YES;
				GCC_WARN_UNUSED_VARIABLE = YES;
				IPHONEOS_DEPLOYMENT_TARGET = 17.5;
				LOCALIZATION_PREFERS_STRING_CATALOGS = YES;
				MTL_ENABLE_DEBUG_INFO = INCLUDE_SOURCE;
				MTL_FAST_MATH = YES;
				ONLY_ACTIVE_ARCH = YES;
				SDKROOT = iphoneos;
				SWIFT_ACTIVE_COMPILATION_CONDITIONS = "DEBUG $(inherited)";
				SWIFT_OPTIMIZATION_LEVEL = "-Onone";
			};
			name = Debug;
		};
		24356AAF2C2938C4000D2DF1 /* Release */ = {
			isa = XCBuildConfiguration;
			buildSettings = {
				ALWAYS_SEARCH_USER_PATHS = NO;
				ASSETCATALOG_COMPILER_GENERATE_SWIFT_ASSET_SYMBOL_EXTENSIONS = YES;
				CLANG_ANALYZER_NONNULL = YES;
				CLANG_ANALYZER_NUMBER_OBJECT_CONVERSION = YES_AGGRESSIVE;
				CLANG_CXX_LANGUAGE_STANDARD = "gnu++20";
				CLANG_ENABLE_MODULES = YES;
				CLANG_ENABLE_OBJC_ARC = YES;
				CLANG_ENABLE_OBJC_WEAK = YES;
				CLANG_WARN_BLOCK_CAPTURE_AUTORELEASING = YES;
				CLANG_WARN_BOOL_CONVERSION = YES;
				CLANG_WARN_COMMA = YES;
				CLANG_WARN_CONSTANT_CONVERSION = YES;
				CLANG_WARN_DEPRECATED_OBJC_IMPLEMENTATIONS = YES;
				CLANG_WARN_DIRECT_OBJC_ISA_USAGE = YES_ERROR;
				CLANG_WARN_DOCUMENTATION_COMMENTS = YES;
				CLANG_WARN_EMPTY_BODY = YES;
				CLANG_WARN_ENUM_CONVERSION = YES;
				CLANG_WARN_INFINITE_RECURSION = YES;
				CLANG_WARN_INT_CONVERSION = YES;
				CLANG_WARN_NON_LITERAL_NULL_CONVERSION = YES;
				CLANG_WARN_OBJC_IMPLICIT_RETAIN_SELF = YES;
				CLANG_WARN_OBJC_LITERAL_CONVERSION = YES;
				CLANG_WARN_OBJC_ROOT_CLASS = YES_ERROR;
				CLANG_WARN_QUOTED_INCLUDE_IN_FRAMEWORK_HEADER = YES;
				CLANG_WARN_RANGE_LOOP_ANALYSIS = YES;
				CLANG_WARN_STRICT_PROTOTYPES = YES;
				CLANG_WARN_SUSPICIOUS_MOVE = YES;
				CLANG_WARN_UNGUARDED_AVAILABILITY = YES_AGGRESSIVE;
				CLANG_WARN_UNREACHABLE_CODE = YES;
				CLANG_WARN__DUPLICATE_METHOD_MATCH = YES;
				COPY_PHASE_STRIP = NO;
				DEBUG_INFORMATION_FORMAT = "dwarf-with-dsym";
				ENABLE_NS_ASSERTIONS = NO;
				ENABLE_STRICT_OBJC_MSGSEND = YES;
				ENABLE_USER_SCRIPT_SANDBOXING = YES;
				GCC_C_LANGUAGE_STANDARD = gnu17;
				GCC_NO_COMMON_BLOCKS = YES;
				GCC_WARN_64_TO_32_BIT_CONVERSION = YES;
				GCC_WARN_ABOUT_RETURN_TYPE = YES_ERROR;
				GCC_WARN_UNDECLARED_SELECTOR = YES;
				GCC_WARN_UNINITIALIZED_AUTOS = YES_AGGRESSIVE;
				GCC_WARN_UNUSED_FUNCTION = YES;
				GCC_WARN_UNUSED_VARIABLE = YES;
				IPHONEOS_DEPLOYMENT_TARGET = 17.5;
				LOCALIZATION_PREFERS_STRING_CATALOGS = YES;
				MTL_ENABLE_DEBUG_INFO = NO;
				MTL_FAST_MATH = YES;
				SDKROOT = iphoneos;
				SWIFT_COMPILATION_MODE = wholemodule;
				VALIDATE_PRODUCT = YES;
			};
			name = Release;
		};
		24356AB12C2938C4000D2DF1 /* Debug */ = {
			isa = XCBuildConfiguration;
			buildSettings = {
				ASSETCATALOG_COMPILER_APPICON_NAME = AppIcon;
				ASSETCATALOG_COMPILER_GLOBAL_ACCENT_COLOR_NAME = AccentColor;
				CODE_SIGN_STYLE = Automatic;
				CURRENT_PROJECT_VERSION = 1;
				DEVELOPMENT_TEAM = Z6H2JVV9PA;
				GENERATE_INFOPLIST_FILE = YES;
				INFOPLIST_FILE = Media/Info.plist;
				INFOPLIST_KEY_UIApplicationSupportsIndirectInputEvents = YES;
				INFOPLIST_KEY_UILaunchStoryboardName = LaunchScreen;
				INFOPLIST_KEY_UISupportedInterfaceOrientations = UIInterfaceOrientationPortrait;
				INFOPLIST_KEY_UISupportedInterfaceOrientations_iPad = UIInterfaceOrientationPortrait;
				IPHONEOS_DEPLOYMENT_TARGET = 16.0;
				LD_RUNPATH_SEARCH_PATHS = (
					"$(inherited)",
					"@executable_path/Frameworks",
				);
				MARKETING_VERSION = 1.0;
				PRODUCT_BUNDLE_IDENTIFIER = com.ksm.Media;
				PRODUCT_NAME = "$(TARGET_NAME)";
				SUPPORTED_PLATFORMS = "iphoneos iphonesimulator";
				SUPPORTS_MACCATALYST = NO;
				SUPPORTS_MAC_DESIGNED_FOR_IPHONE_IPAD = NO;
				SUPPORTS_XR_DESIGNED_FOR_IPHONE_IPAD = NO;
				SWIFT_EMIT_LOC_STRINGS = YES;
				SWIFT_VERSION = 5.0;
				TARGETED_DEVICE_FAMILY = 1;
			};
			name = Debug;
		};
		24356AB22C2938C4000D2DF1 /* Release */ = {
			isa = XCBuildConfiguration;
			buildSettings = {
				ASSETCATALOG_COMPILER_APPICON_NAME = AppIcon;
				ASSETCATALOG_COMPILER_GLOBAL_ACCENT_COLOR_NAME = AccentColor;
				CODE_SIGN_STYLE = Automatic;
				CURRENT_PROJECT_VERSION = 1;
				DEVELOPMENT_TEAM = Z6H2JVV9PA;
				GENERATE_INFOPLIST_FILE = YES;
				INFOPLIST_FILE = Media/Info.plist;
				INFOPLIST_KEY_UIApplicationSupportsIndirectInputEvents = YES;
				INFOPLIST_KEY_UILaunchStoryboardName = LaunchScreen;
				INFOPLIST_KEY_UISupportedInterfaceOrientations = UIInterfaceOrientationPortrait;
				INFOPLIST_KEY_UISupportedInterfaceOrientations_iPad = UIInterfaceOrientationPortrait;
				IPHONEOS_DEPLOYMENT_TARGET = 16.0;
				LD_RUNPATH_SEARCH_PATHS = (
					"$(inherited)",
					"@executable_path/Frameworks",
				);
				MARKETING_VERSION = 1.0;
				PRODUCT_BUNDLE_IDENTIFIER = com.ksm.Media;
				PRODUCT_NAME = "$(TARGET_NAME)";
				SUPPORTED_PLATFORMS = "iphoneos iphonesimulator";
				SUPPORTS_MACCATALYST = NO;
				SUPPORTS_MAC_DESIGNED_FOR_IPHONE_IPAD = NO;
				SUPPORTS_XR_DESIGNED_FOR_IPHONE_IPAD = NO;
				SWIFT_EMIT_LOC_STRINGS = YES;
				SWIFT_VERSION = 5.0;
				TARGETED_DEVICE_FAMILY = 1;
			};
			name = Release;
		};
/* End XCBuildConfiguration section */

/* Begin XCConfigurationList section */
		24356A972C2938C3000D2DF1 /* Build configuration list for PBXProject "Media" */ = {
			isa = XCConfigurationList;
			buildConfigurations = (
				24356AAE2C2938C4000D2DF1 /* Debug */,
				24356AAF2C2938C4000D2DF1 /* Release */,
			);
			defaultConfigurationIsVisible = 0;
			defaultConfigurationName = Release;
		};
		24356AB02C2938C4000D2DF1 /* Build configuration list for PBXNativeTarget "Media" */ = {
			isa = XCConfigurationList;
			buildConfigurations = (
				24356AB12C2938C4000D2DF1 /* Debug */,
				24356AB22C2938C4000D2DF1 /* Release */,
			);
			defaultConfigurationIsVisible = 0;
			defaultConfigurationName = Release;
		};
/* End XCConfigurationList section */

/* Begin XCRemoteSwiftPackageReference section */
		24356AB92C293B2F000D2DF1 /* XCRemoteSwiftPackageReference "SnapKit" */ = {
			isa = XCRemoteSwiftPackageReference;
			repositoryURL = "https://github.com/SnapKit/SnapKit";
			requirement = {
				kind = upToNextMajorVersion;
				minimumVersion = 5.7.1;
			};
		};
		24356ABC2C293B3D000D2DF1 /* XCRemoteSwiftPackageReference "Alamofire" */ = {
			isa = XCRemoteSwiftPackageReference;
			repositoryURL = "https://github.com/Alamofire/Alamofire.git";
			requirement = {
				kind = upToNextMajorVersion;
				minimumVersion = 5.9.1;
			};
		};
		24356ABF2C293B53000D2DF1 /* XCRemoteSwiftPackageReference "Kingfisher" */ = {
			isa = XCRemoteSwiftPackageReference;
			repositoryURL = "https://github.com/onevcat/Kingfisher";
			requirement = {
				kind = upToNextMajorVersion;
				minimumVersion = 7.12.0;
			};
		};
/* End XCRemoteSwiftPackageReference section */

/* Begin XCSwiftPackageProductDependency section */
		24356ABA2C293B2F000D2DF1 /* SnapKit */ = {
			isa = XCSwiftPackageProductDependency;
			package = 24356AB92C293B2F000D2DF1 /* XCRemoteSwiftPackageReference "SnapKit" */;
			productName = SnapKit;
		};
		24356ABD2C293B3D000D2DF1 /* Alamofire */ = {
			isa = XCSwiftPackageProductDependency;
			package = 24356ABC2C293B3D000D2DF1 /* XCRemoteSwiftPackageReference "Alamofire" */;
			productName = Alamofire;
		};
		24356AC02C293B53000D2DF1 /* Kingfisher */ = {
			isa = XCSwiftPackageProductDependency;
			package = 24356ABF2C293B53000D2DF1 /* XCRemoteSwiftPackageReference "Kingfisher" */;
			productName = Kingfisher;
		};
/* End XCSwiftPackageProductDependency section */
	};
	rootObject = 24356A942C2938C3000D2DF1 /* Project object */;
}
